
Microsoft Visual Studio Solution File, Format Version 12.00
# Visual Studio Version 17
VisualStudioVersion = 17.5.002.0
MinimumVisualStudioVersion = 10.0.40219.1
Project("{9A19103F-16F7-4668-BE54-9A1E7A4F7556}") = "InvestmentManager", "InvestmentManager.csproj", "{02B19218-7D57-48FC-B965-C18A822C3332}"
EndProject
Project("{FAE04EC0-301F-11D3-BF4B-00C04F79EFBC}") = "Shared", "Shared\Shared.csproj", "{73F820FD-6061-4408-A0D7-AD9D1E3545EC}"
EndProject
Project("{FAE04EC0-301F-11D3-BF4B-00C04F79EFBC}") = "BackgroundTasks", "BackgroundTasks\BackgroundTasks.csproj", "{6E356671-0C1B-4D4C-BCCB-A3459E6CD487}"
EndProject
Project("{FAE04EC0-301F-11D3-BF4B-00C04F79EFBC}") = "Client", "Client\Client.csproj", "{6D55D329-962D-47F4-A475-1EE4D2FAF99E}"
EndProject
Global
	GlobalSection(SolutionConfigurationPlatforms) = preSolution
		Debug|Any CPU = Debug|Any CPU
		Release|Any CPU = Release|Any CPU
	EndGlobalSection
	GlobalSection(ProjectConfigurationPlatforms) = postSolution
		{02B19218-7D57-48FC-B965-C18A822C3332}.Debug|Any CPU.ActiveCfg = Debug|Any CPU
		{02B19218-7D57-48FC-B965-C18A822C3332}.Debug|Any CPU.Build.0 = Debug|Any CPU
		{02B19218-7D57-48FC-B965-C18A822C3332}.Release|Any CPU.ActiveCfg = Release|Any CPU
		{02B19218-7D57-48FC-B965-C18A822C3332}.Release|Any CPU.Build.0 = Release|Any CPU
		{73F820FD-6061-4408-A0D7-AD9D1E3545EC}.Debug|Any CPU.ActiveCfg = Debug|Any CPU
		{73F820FD-6061-4408-A0D7-AD9D1E3545EC}.Debug|Any CPU.Build.0 = Debug|Any CPU
		{73F820FD-6061-4408-A0D7-AD9D1E3545EC}.Release|Any CPU.ActiveCfg = Release|Any CPU
		{73F820FD-6061-4408-A0D7-AD9D1E3545EC}.Release|Any CPU.Build.0 = Release|Any CPU
		{6E356671-0C1B-4D4C-BCCB-A3459E6CD487}.Debug|Any CPU.ActiveCfg = Debug|Any CPU
		{6E356671-0C1B-4D4C-BCCB-A3459E6CD487}.Debug|Any CPU.Build.0 = Debug|Any CPU
		{6E356671-0C1B-4D4C-BCCB-A3459E6CD487}.Release|Any CPU.ActiveCfg = Release|Any CPU
		{6E356671-0C1B-4D4C-BCCB-A3459E6CD487}.Release|Any CPU.Build.0 = Release|Any CPU
		{6D55D329-962D-47F4-A475-1EE4D2FAF99E}.Debug|Any CPU.ActiveCfg = Debug|Any CPU
		{6D55D329-962D-47F4-A475-1EE4D2FAF99E}.Debug|Any CPU.Build.0 = Debug|Any CPU
		{6D55D329-962D-47F4-A475-1EE4D2FAF99E}.Release|Any CPU.ActiveCfg = Release|Any CPU
		{6D55D329-962D-47F4-A475-1EE4D2FAF99E}.Release|Any CPU.Build.0 = Release|Any CPU
	EndGlobalSection
	GlobalSection(SolutionProperties) = preSolution
		HideSolutionNode = FALSE
	EndGlobalSection
	GlobalSection(ExtensibilityGlobals) = postSolution
		SolutionGuid = {94667399-D8DB-4804-B6E1-0D12CA36EC20}
	EndGlobalSection
EndGlobal
